
Microsoft Visual Studio Solution File, Format Version 12.00
# Visual Studio Version 16
VisualStudioVersion = 16.0.30804.86
MinimumVisualStudioVersion = 10.0.40219.1
Project("{FAE04EC0-301F-11D3-BF4B-00C04F79EFBC}") = "ShopApp", "ShopApp\ShopApp.csproj", "{0B120DEB-763E-4AE5-A5C4-5D7CC3D7AAE4}"
EndProject
Global
	GlobalSection(SolutionConfigurationPlatforms) = preSolution
		Debug|Any CPU = Debug|Any CPU
		Release|Any CPU = Release|Any CPU
	EndGlobalSection
	GlobalSection(ProjectConfigurationPlatforms) = postSolution
		{0B120DEB-763E-4AE5-A5C4-5D7CC3D7AAE4}.Debug|Any CPU.ActiveCfg = Debug|Any CPU
		{0B120DEB-763E-4AE5-A5C4-5D7CC3D7AAE4}.Debug|Any CPU.Build.0 = Debug|Any CPU
		{0B120DEB-763E-4AE5-A5C4-5D7CC3D7AAE4}.Release|Any CPU.ActiveCfg = Release|Any CPU
		{0B120DEB-763E-4AE5-A5C4-5D7CC3D7AAE4}.Release|Any CPU.Build.0 = Release|Any CPU
	EndGlobalSection
	GlobalSection(SolutionProperties) = preSolution
		HideSolutionNode = FALSE
	EndGlobalSection
	GlobalSection(ExtensibilityGlobals) = postSolution
		SolutionGuid = {D5849438-EFFC-41E0-BB45-267F4B64A03A}
	EndGlobalSection
EndGlobal
